
Microsoft Visual Studio Solution File, Format Version 12.00
# Visual Studio Version 17
VisualStudioVersion = 17.3.32825.248
MinimumVisualStudioVersion = 10.0.40219.1
Project("{9A19103F-16F7-4668-BE54-9A1E7A4F7556}") = "CSHARPExamples.FirstConsoleExample", "CSHARPExamples.FirstConsoleExample\CSHARPExamples.FirstConsoleExample.csproj", "{7DBEBB21-6683-44A0-9B76-94AC6F57A6DD}"
EndProject
Project("{FAE04EC0-301F-11D3-BF4B-00C04F79EFBC}") = "CSHARPExamples.FirstConsoleExample.UnitTests", "CSHARPExamples.FirstConsoleExample.UnitTests\CSHARPExamples.FirstConsoleExample.UnitTests.csproj", "{73AC88A9-0675-457B-8246-6386ECA04BFD}"
EndProject
Global
	GlobalSection(SolutionConfigurationPlatforms) = preSolution
		Debug|Any CPU = Debug|Any CPU
		Release|Any CPU = Release|Any CPU
	EndGlobalSection
	GlobalSection(ProjectConfigurationPlatforms) = postSolution
		{7DBEBB21-6683-44A0-9B76-94AC6F57A6DD}.Debug|Any CPU.ActiveCfg = Debug|Any CPU
		{7DBEBB21-6683-44A0-9B76-94AC6F57A6DD}.Debug|Any CPU.Build.0 = Debug|Any CPU
		{7DBEBB21-6683-44A0-9B76-94AC6F57A6DD}.Release|Any CPU.ActiveCfg = Release|Any CPU
		{7DBEBB21-6683-44A0-9B76-94AC6F57A6DD}.Release|Any CPU.Build.0 = Release|Any CPU
		{73AC88A9-0675-457B-8246-6386ECA04BFD}.Debug|Any CPU.ActiveCfg = Debug|Any CPU
		{73AC88A9-0675-457B-8246-6386ECA04BFD}.Debug|Any CPU.Build.0 = Debug|Any CPU
		{73AC88A9-0675-457B-8246-6386ECA04BFD}.Release|Any CPU.ActiveCfg = Release|Any CPU
		{73AC88A9-0675-457B-8246-6386ECA04BFD}.Release|Any CPU.Build.0 = Release|Any CPU
	EndGlobalSection
	GlobalSection(SolutionProperties) = preSolution
		HideSolutionNode = FALSE
	EndGlobalSection
	GlobalSection(ExtensibilityGlobals) = postSolution
		SolutionGuid = {47125171-2114-471B-B71A-50727C4ECEAD}
	EndGlobalSection
EndGlobal
